// !$*UTF8*$!
{
	archiveVersion = 1;
	classes = {
	};
	objectVersion = 46;
	objects = {

/* Begin PBXBuildFile section */
		37AC22331F4B82380012BB72 /* UVA - Accordion Paatience.cpp in Sources */ = {isa = PBXBuildFile; fileRef = 37AC22321F4B82380012BB72 /* UVA - Accordion Paatience.cpp */; };
/* End PBXBuildFile section */

/* Begin PBXCopyFilesBuildPhase section */
		37E277B21DE2AECE00C9052B /* CopyFiles */ = {
			isa = PBXCopyFilesBuildPhase;
			buildActionMask = 2147483647;
			dstPath = /usr/share/man/man1/;
			dstSubfolderSpec = 0;
			files = (
			);
			runOnlyForDeploymentPostprocessing = 1;
		};
/* End PBXCopyFilesBuildPhase section */

/* Begin PBXFileReference section */
		37AC22321F4B82380012BB72 /* UVA - Accordion Paatience.cpp */ = {isa = PBXFileReference; fileEncoding = 4; lastKnownFileType = sourcecode.cpp.cpp; name = "UVA - Accordion Paatience.cpp"; path = "../../../Ex. Programming/Problem Solving/Competitive Programming/Code/UVA - Accordion Paatience.cpp"; sourceTree = "<group>"; };
		37E277B41DE2AECE00C9052B /* ACM Training */ = {isa = PBXFileReference; explicitFileType = "compiled.mach-o.executable"; includeInIndex = 0; path = "ACM Training"; sourceTree = BUILT_PRODUCTS_DIR; };
/* End PBXFileReference section */

/* Begin PBXFrameworksBuildPhase section */
		37E277B11DE2AECE00C9052B /* Frameworks */ = {
			isa = PBXFrameworksBuildPhase;
			buildActionMask = 2147483647;
			files = (
			);
			runOnlyForDeploymentPostprocessing = 0;
		};
/* End PBXFrameworksBuildPhase section */

/* Begin PBXGroup section */
		37E277AB1DE2AECE00C9052B = {
			isa = PBXGroup;
			children = (
				37AC22321F4B82380012BB72 /* UVA - Accordion Paatience.cpp */,
				37E277B61DE2AECE00C9052B /* ACM Training */,
				37E277B51DE2AECE00C9052B /* Products */,
			);
			sourceTree = "<group>";
		};
		37E277B51DE2AECE00C9052B /* Products */ = {
			isa = PBXGroup;
			children = (
				37E277B41DE2AECE00C9052B /* ACM Training */,
			);
			name = Products;
			sourceTree = "<group>";
		};
		37E277B61DE2AECE00C9052B /* ACM Training */ = {
			isa = PBXGroup;
			children = (
			);
			path = "ACM Training";
			sourceTree = "<group>";
		};
/* End PBXGroup section */

/* Begin PBXNativeTarget section */
		37E277B31DE2AECE00C9052B /* ACM Training */ = {
			isa = PBXNativeTarget;
			buildConfigurationList = 37E277BB1DE2AECE00C9052B /* Build configuration list for PBXNativeTarget "ACM Training" */;
			buildPhases = (
				37E277B01DE2AECE00C9052B /* Sources */,
				37E277B11DE2AECE00C9052B /* Frameworks */,
				37E277B21DE2AECE00C9052B /* CopyFiles */,
			);
			buildRules = (
			);
			dependencies = (
			);
			name = "ACM Training";
			productName = "ACM Training";
			productReference = 37E277B41DE2AECE00C9052B /* ACM Training */;
			productType = "com.apple.product-type.tool";
		};
/* End PBXNativeTarget section */

/* Begin PBXProject section */
		37E277AC1DE2AECE00C9052B /* Project object */ = {
			isa = PBXProject;
			attributes = {
				LastUpgradeCheck = 0810;
				ORGANIZATIONNAME = "Farida Eid";
				TargetAttributes = {
					37E277B31DE2AECE00C9052B = {
						CreatedOnToolsVersion = 8.1;
						DevelopmentTeam = CVQJFHTR9T;
						ProvisioningStyle = Automatic;
					};
				};
			};
			buildConfigurationList = 37E277AF1DE2AECE00C9052B /* Build configuration list for PBXProject "ACM Training" */;
			compatibilityVersion = "Xcode 3.2";
			developmentRegion = English;
			hasScannedForEncodings = 0;
			knownRegions = (
				en,
			);
			mainGroup = 37E277AB1DE2AECE00C9052B;
			productRefGroup = 37E277B51DE2AECE00C9052B /* Products */;
			projectDirPath = "";
			projectRoot = "";
			targets = (
				37E277B31DE2AECE00C9052B /* ACM Training */,
			);
		};
/* End PBXProject section */

/* Begin PBXSourcesBuildPhase section */
		37E277B01DE2AECE00C9052B /* Sources */ = {
			isa = PBXSourcesBuildPhase;
			buildActionMask = 2147483647;
			files = (
				37AC22331F4B82380012BB72 /* UVA - Accordion Paatience.cpp in Sources */,
			);
			runOnlyForDeploymentPostprocessing = 0;
		};
/* End PBXSourcesBuildPhase section */

/* Begin XCBuildConfiguration section */
		37E277B91DE2AECE00C9052B /* Debug */ = {
			isa = XCBuildConfiguration;
			buildSettings = {
				ALWAYS_SEARCH_USER_PATHS = NO;
				CLANG_ANALYZER_NONNULL = YES;
				CLANG_CXX_LANGUAGE_STANDARD = "gnu++0x";
				CLANG_CXX_LIBRARY = "libc++";
				CLANG_ENABLE_MODULES = YES;
				CLANG_ENABLE_OBJC_ARC = YES;
				CLANG_WARN_BOOL_CONVERSION = YES;
				CLANG_WARN_CONSTANT_CONVERSION = YES;
				CLANG_WARN_DIRECT_OBJC_ISA_USAGE = YES_ERROR;
				CLANG_WARN_DOCUMENTATION_COMMENTS = YES;
				CLANG_WARN_EMPTY_BODY = YES;
				CLANG_WARN_ENUM_CONVERSION = YES;
				CLANG_WARN_INFINITE_RECURSION = YES;
				CLANG_WARN_INT_CONVERSION = YES;
				CLANG_WARN_OBJC_ROOT_CLASS = YES_ERROR;
				CLANG_WARN_SUSPICIOUS_MOVES = YES;
				CLANG_WARN_UNREACHABLE_CODE = YES;
				CLANG_WARN__DUPLICATE_METHOD_MATCH = YES;
				CODE_SIGN_IDENTITY = "-";
				COPY_PHASE_STRIP = NO;
				DEBUG_INFORMATION_FORMAT = dwarf;
				ENABLE_STRICT_OBJC_MSGSEND = YES;
				ENABLE_TESTABILITY = YES;
				GCC_C_LANGUAGE_STANDARD = gnu99;
				GCC_DYNAMIC_NO_PIC = NO;
				GCC_NO_COMMON_BLOCKS = YES;
				GCC_OPTIMIZATION_LEVEL = 0;
				GCC_PREPROCESSOR_DEFINITIONS = (
					"DEBUG=1",
					"$(inherited)",
				);
				GCC_WARN_64_TO_32_BIT_CONVERSION = YES;
				GCC_WARN_ABOUT_RETURN_TYPE = YES_ERROR;
				GCC_WARN_UNDECLARED_SELECTOR = YES;
				GCC_WARN_UNINITIALIZED_AUTOS = YES_AGGRESSIVE;
				GCC_WARN_UNUSED_FUNCTION = YES;
				GCC_WARN_UNUSED_VARIABLE = YES;
				MACOSX_DEPLOYMENT_TARGET = 10.11;
				MTL_ENABLE_DEBUG_INFO = YES;
				ONLY_ACTIVE_ARCH = YES;
				SDKROOT = macosx;
			};
			name = Debug;
		};
		37E277BA1DE2AECE00C9052B /* Release */ = {
			isa = XCBuildConfiguration;
			buildSettings = {
				ALWAYS_SEARCH_USER_PATHS = NO;
				CLANG_ANALYZER_NONNULL = YES;
				CLANG_CXX_LANGUAGE_STANDARD = "gnu++0x";
				CLANG_CXX_LIBRARY = "libc++";
				CLANG_ENABLE_MODULES = YES;
				CLANG_ENABLE_OBJC_ARC = YES;
				CLANG_WARN_BOOL_CONVERSION = YES;
				CLANG_WARN_CONSTANT_CONVERSION = YES;
				CLANG_WARN_DIRECT_OBJC_ISA_USAGE = YES_ERROR;
				CLANG_WARN_DOCUMENTATION_COMMENTS = YES;
				CLANG_WARN_EMPTY_BODY = YES;
				CLANG_WARN_ENUM_CONVERSION = YES;
				CLANG_WARN_INFINITE_RECURSION = YES;
				CLANG_WARN_INT_CONVERSION = YES;
				CLANG_WARN_OBJC_ROOT_CLASS = YES_ERROR;
				CLANG_WARN_SUSPICIOUS_MOVES = YES;
				CLANG_WARN_UNREACHABLE_CODE = YES;
				CLANG_WARN__DUPLICATE_METHOD_MATCH = YES;
				CODE_SIGN_IDENTITY = "-";
				COPY_PHASE_STRIP = NO;
				DEBUG_INFORMATION_FORMAT = "dwarf-with-dsym";
				ENABLE_NS_ASSERTIONS = NO;
				ENABLE_STRICT_OBJC_MSGSEND = YES;
				GCC_C_LANGUAGE_STANDARD = gnu99;
				GCC_NO_COMMON_BLOCKS = YES;
				GCC_WARN_64_TO_32_BIT_CONVERSION = YES;
				GCC_WARN_ABOUT_RETURN_TYPE = YES_ERROR;
				GCC_WARN_UNDECLARED_SELECTOR = YES;
				GCC_WARN_UNINITIALIZED_AUTOS = YES_AGGRESSIVE;
				GCC_WARN_UNUSED_FUNCTION = YES;
				GCC_WARN_UNUSED_VARIABLE = YES;
				MACOSX_DEPLOYMENT_TARGET = 10.11;
				MTL_ENABLE_DEBUG_INFO = NO;
				SDKROOT = macosx;
			};
			name = Release;
		};
		37E277BC1DE2AECE00C9052B /* Debug */ = {
			isa = XCBuildConfiguration;
			buildSettings = {
				DEVELOPMENT_TEAM = CVQJFHTR9T;
				PRODUCT_NAME = "$(TARGET_NAME)";
			};
			name = Debug;
		};
		37E277BD1DE2AECE00C9052B /* Release */ = {
			isa = XCBuildConfiguration;
			buildSettings = {
				DEVELOPMENT_TEAM = CVQJFHTR9T;
				PRODUCT_NAME = "$(TARGET_NAME)";
			};
			name = Release;
		};
/* End XCBuildConfiguration section */

/* Begin XCConfigurationList section */
		37E277AF1DE2AECE00C9052B /* Build configuration list for PBXProject "ACM Training" */ = {
			isa = XCConfigurationList;
			buildConfigurations = (
				37E277B91DE2AECE00C9052B /* Debug */,
				37E277BA1DE2AECE00C9052B /* Release */,
			);
			defaultConfigurationIsVisible = 0;
			defaultConfigurationName = Release;
		};
		37E277BB1DE2AECE00C9052B /* Build configuration list for PBXNativeTarget "ACM Training" */ = {
			isa = XCConfigurationList;
			buildConfigurations = (
				37E277BC1DE2AECE00C9052B /* Debug */,
				37E277BD1DE2AECE00C9052B /* Release */,
			);
			defaultConfigurationIsVisible = 0;
			defaultConfigurationName = Release;
		};
/* End XCConfigurationList section */
	};
	rootObject = 37E277AC1DE2AECE00C9052B /* Project object */;
}
